
Microsoft Visual Studio Solution File, Format Version 12.00
# Visual Studio Version 17
VisualStudioVersion = 17.5.33516.290
MinimumVisualStudioVersion = 10.0.40219.1
Project("{FAE04EC0-301F-11D3-BF4B-00C04F79EFBC}") = "ZAHikes.API", "ZAHikes.API\ZAHikes.API.csproj", "{9A266EDD-A626-489B-881A-6C1C0D24099E}"
EndProject
Global
	GlobalSection(SolutionConfigurationPlatforms) = preSolution
		Debug|Any CPU = Debug|Any CPU
		Release|Any CPU = Release|Any CPU
	EndGlobalSection
	GlobalSection(ProjectConfigurationPlatforms) = postSolution
		{9A266EDD-A626-489B-881A-6C1C0D24099E}.Debug|Any CPU.ActiveCfg = Debug|Any CPU
		{9A266EDD-A626-489B-881A-6C1C0D24099E}.Debug|Any CPU.Build.0 = Debug|Any CPU
		{9A266EDD-A626-489B-881A-6C1C0D24099E}.Release|Any CPU.ActiveCfg = Release|Any CPU
		{9A266EDD-A626-489B-881A-6C1C0D24099E}.Release|Any CPU.Build.0 = Release|Any CPU
	EndGlobalSection
	GlobalSection(SolutionProperties) = preSolution
		HideSolutionNode = FALSE
	EndGlobalSection
	GlobalSection(ExtensibilityGlobals) = postSolution
		SolutionGuid = {0377C9E8-3BF3-4EAF-AA32-7FFD036FCC82}
	EndGlobalSection
EndGlobal
