
Microsoft Visual Studio Solution File, Format Version 12.00
# Visual Studio Version 17
VisualStudioVersion = 17.12.35707.178
MinimumVisualStudioVersion = 10.0.40219.1
Project("{FAE04EC0-301F-11D3-BF4B-00C04F79EFBC}") = "ProductAPI", "ProductAPI\ProductAPI.csproj", "{B3C92DAB-A582-4458-894A-4F8FB47C0BBA}"
EndProject
Project("{FAE04EC0-301F-11D3-BF4B-00C04F79EFBC}") = "ProductAPI.Tests", "ProductAPI.Tests\ProductAPI.Tests.csproj", "{1085AF0B-470E-42D6-A7E9-06988FE69F63}"
EndProject
Global
	GlobalSection(SolutionConfigurationPlatforms) = preSolution
		Debug|Any CPU = Debug|Any CPU
		Release|Any CPU = Release|Any CPU
	EndGlobalSection
	GlobalSection(ProjectConfigurationPlatforms) = postSolution
		{B3C92DAB-A582-4458-894A-4F8FB47C0BBA}.Debug|Any CPU.ActiveCfg = Debug|Any CPU
		{B3C92DAB-A582-4458-894A-4F8FB47C0BBA}.Debug|Any CPU.Build.0 = Debug|Any CPU
		{B3C92DAB-A582-4458-894A-4F8FB47C0BBA}.Release|Any CPU.ActiveCfg = Release|Any CPU
		{B3C92DAB-A582-4458-894A-4F8FB47C0BBA}.Release|Any CPU.Build.0 = Release|Any CPU
		{1085AF0B-470E-42D6-A7E9-06988FE69F63}.Debug|Any CPU.ActiveCfg = Debug|Any CPU
		{1085AF0B-470E-42D6-A7E9-06988FE69F63}.Debug|Any CPU.Build.0 = Debug|Any CPU
		{1085AF0B-470E-42D6-A7E9-06988FE69F63}.Release|Any CPU.ActiveCfg = Release|Any CPU
		{1085AF0B-470E-42D6-A7E9-06988FE69F63}.Release|Any CPU.Build.0 = Release|Any CPU
	EndGlobalSection
	GlobalSection(SolutionProperties) = preSolution
		HideSolutionNode = FALSE
	EndGlobalSection
	GlobalSection(ExtensibilityGlobals) = postSolution
		SolutionGuid = {612AEE8C-0EDD-4D07-B81C-5D065D888306}
	EndGlobalSection
EndGlobal
